
Microsoft Visual Studio Solution File, Format Version 12.00
# Visual Studio Version 16
VisualStudioVersion = 16.0.30011.22
MinimumVisualStudioVersion = 10.0.40219.1
Project("{FAE04EC0-301F-11D3-BF4B-00C04F79EFBC}") = "DadJokesDegreedCodeChallenge", "DadJokesDegreedCodeChallenge.csproj", "{326285DF-236A-47C0-AD86-B556712AD160}"
EndProject
Global
	GlobalSection(SolutionConfigurationPlatforms) = preSolution
		Debug|Any CPU = Debug|Any CPU
		Release|Any CPU = Release|Any CPU
	EndGlobalSection
	GlobalSection(ProjectConfigurationPlatforms) = postSolution
		{326285DF-236A-47C0-AD86-B556712AD160}.Debug|Any CPU.ActiveCfg = Debug|Any CPU
		{326285DF-236A-47C0-AD86-B556712AD160}.Debug|Any CPU.Build.0 = Debug|Any CPU
		{326285DF-236A-47C0-AD86-B556712AD160}.Release|Any CPU.ActiveCfg = Release|Any CPU
		{326285DF-236A-47C0-AD86-B556712AD160}.Release|Any CPU.Build.0 = Release|Any CPU
	EndGlobalSection
	GlobalSection(SolutionProperties) = preSolution
		HideSolutionNode = FALSE
	EndGlobalSection
	GlobalSection(ExtensibilityGlobals) = postSolution
		SolutionGuid = {6F2CD31C-7708-4D65-B951-24D041AA3AC2}
	EndGlobalSection
EndGlobal
